
Microsoft Visual Studio Solution File, Format Version 12.00
# Visual Studio Version 17
VisualStudioVersion = 17.7.34031.279
MinimumVisualStudioVersion = 10.0.40219.1
Project("{9A19103F-16F7-4668-BE54-9A1E7A4F7556}") = "Strategy", "Strategy\Strategy.csproj", "{17B71FF1-F313-451A-9E4D-306166A88F81}"
EndProject
Project("{9A19103F-16F7-4668-BE54-9A1E7A4F7556}") = "ChainOfResponsability", "ChainOfResponsability\ChainOfResponsability.csproj", "{3FDFE6A7-1BEA-4ADB-9542-9C7D9CB03164}"
EndProject
Project("{9A19103F-16F7-4668-BE54-9A1E7A4F7556}") = "TemplateMethod", "TemplateMethod\TemplateMethod.csproj", "{A232EEE9-7A04-4896-92CC-85F3EC27CBB6}"
EndProject
Project("{9A19103F-16F7-4668-BE54-9A1E7A4F7556}") = "Decorator", "Decorator\Decorator.csproj", "{0B51DDAB-F54B-4919-A7DE-0007D1F51A5A}"
EndProject
Project("{9A19103F-16F7-4668-BE54-9A1E7A4F7556}") = "State", "State\State.csproj", "{71167B03-E106-4EB7-9956-2A3262ED578F}"
EndProject
Project("{9A19103F-16F7-4668-BE54-9A1E7A4F7556}") = "Builder", "Builder\Builder.csproj", "{0E68BDEA-7A4D-4F24-806F-054F8A36FAAA}"
EndProject
Project("{9A19103F-16F7-4668-BE54-9A1E7A4F7556}") = "Observer", "Observer\Observer.csproj", "{516409B2-7ACF-4BBF-95BE-493C517F86DA}"
EndProject
Global
	GlobalSection(SolutionConfigurationPlatforms) = preSolution
		Debug|Any CPU = Debug|Any CPU
		Release|Any CPU = Release|Any CPU
	EndGlobalSection
	GlobalSection(ProjectConfigurationPlatforms) = postSolution
		{17B71FF1-F313-451A-9E4D-306166A88F81}.Debug|Any CPU.ActiveCfg = Debug|Any CPU
		{17B71FF1-F313-451A-9E4D-306166A88F81}.Debug|Any CPU.Build.0 = Debug|Any CPU
		{17B71FF1-F313-451A-9E4D-306166A88F81}.Release|Any CPU.ActiveCfg = Release|Any CPU
		{17B71FF1-F313-451A-9E4D-306166A88F81}.Release|Any CPU.Build.0 = Release|Any CPU
		{3FDFE6A7-1BEA-4ADB-9542-9C7D9CB03164}.Debug|Any CPU.ActiveCfg = Debug|Any CPU
		{3FDFE6A7-1BEA-4ADB-9542-9C7D9CB03164}.Debug|Any CPU.Build.0 = Debug|Any CPU
		{3FDFE6A7-1BEA-4ADB-9542-9C7D9CB03164}.Release|Any CPU.ActiveCfg = Release|Any CPU
		{3FDFE6A7-1BEA-4ADB-9542-9C7D9CB03164}.Release|Any CPU.Build.0 = Release|Any CPU
		{A232EEE9-7A04-4896-92CC-85F3EC27CBB6}.Debug|Any CPU.ActiveCfg = Debug|Any CPU
		{A232EEE9-7A04-4896-92CC-85F3EC27CBB6}.Debug|Any CPU.Build.0 = Debug|Any CPU
		{A232EEE9-7A04-4896-92CC-85F3EC27CBB6}.Release|Any CPU.ActiveCfg = Release|Any CPU
		{A232EEE9-7A04-4896-92CC-85F3EC27CBB6}.Release|Any CPU.Build.0 = Release|Any CPU
		{0B51DDAB-F54B-4919-A7DE-0007D1F51A5A}.Debug|Any CPU.ActiveCfg = Debug|Any CPU
		{0B51DDAB-F54B-4919-A7DE-0007D1F51A5A}.Debug|Any CPU.Build.0 = Debug|Any CPU
		{0B51DDAB-F54B-4919-A7DE-0007D1F51A5A}.Release|Any CPU.ActiveCfg = Release|Any CPU
		{0B51DDAB-F54B-4919-A7DE-0007D1F51A5A}.Release|Any CPU.Build.0 = Release|Any CPU
		{71167B03-E106-4EB7-9956-2A3262ED578F}.Debug|Any CPU.ActiveCfg = Debug|Any CPU
		{71167B03-E106-4EB7-9956-2A3262ED578F}.Debug|Any CPU.Build.0 = Debug|Any CPU
		{71167B03-E106-4EB7-9956-2A3262ED578F}.Release|Any CPU.ActiveCfg = Release|Any CPU
		{71167B03-E106-4EB7-9956-2A3262ED578F}.Release|Any CPU.Build.0 = Release|Any CPU
		{0E68BDEA-7A4D-4F24-806F-054F8A36FAAA}.Debug|Any CPU.ActiveCfg = Debug|Any CPU
		{0E68BDEA-7A4D-4F24-806F-054F8A36FAAA}.Debug|Any CPU.Build.0 = Debug|Any CPU
		{0E68BDEA-7A4D-4F24-806F-054F8A36FAAA}.Release|Any CPU.ActiveCfg = Release|Any CPU
		{0E68BDEA-7A4D-4F24-806F-054F8A36FAAA}.Release|Any CPU.Build.0 = Release|Any CPU
		{516409B2-7ACF-4BBF-95BE-493C517F86DA}.Debug|Any CPU.ActiveCfg = Debug|Any CPU
		{516409B2-7ACF-4BBF-95BE-493C517F86DA}.Debug|Any CPU.Build.0 = Debug|Any CPU
		{516409B2-7ACF-4BBF-95BE-493C517F86DA}.Release|Any CPU.ActiveCfg = Release|Any CPU
		{516409B2-7ACF-4BBF-95BE-493C517F86DA}.Release|Any CPU.Build.0 = Release|Any CPU
	EndGlobalSection
	GlobalSection(SolutionProperties) = preSolution
		HideSolutionNode = FALSE
	EndGlobalSection
	GlobalSection(ExtensibilityGlobals) = postSolution
		SolutionGuid = {2D113483-17E9-492D-BDDC-38F905A0B39B}
	EndGlobalSection
EndGlobal
